
Microsoft Visual Studio Solution File, Format Version 11.00
# Visual Studio 2010
Project("{FAE04EC0-301F-11D3-BF4B-00C04F79EFBC}") = "Assembly-CSharp", "Assembly-CSharp.csproj", "{D89F72FA-1806-F088-97F9-77E3E6A5590A}"
EndProject
Global
	GlobalSection(SolutionConfigurationPlatforms) = preSolution
		Debug|Any CPU = Debug|Any CPU
		Release|Any CPU = Release|Any CPU
	EndGlobalSection
	GlobalSection(ProjectConfigurationPlatforms) = postSolution
		{D89F72FA-1806-F088-97F9-77E3E6A5590A}.Debug|Any CPU.ActiveCfg = Debug|Any CPU
		{D89F72FA-1806-F088-97F9-77E3E6A5590A}.Debug|Any CPU.Build.0 = Debug|Any CPU
		{D89F72FA-1806-F088-97F9-77E3E6A5590A}.Release|Any CPU.ActiveCfg = Release|Any CPU
		{D89F72FA-1806-F088-97F9-77E3E6A5590A}.Release|Any CPU.Build.0 = Release|Any CPU
	EndGlobalSection
	GlobalSection(SolutionProperties) = preSolution
		HideSolutionNode = FALSE
	EndGlobalSection
EndGlobal
